
Microsoft Visual Studio Solution File, Format Version 12.00
# Visual Studio Version 16
VisualStudioVersion = 16.0.32126.315
MinimumVisualStudioVersion = 10.0.40219.1
Project("{9A19103F-16F7-4668-BE54-9A1E7A4F7556}") = "FundooNotes", "FundooNotes\FundooNotes.csproj", "{CA669BFA-854C-447C-9A45-67F9A73AAB42}"
EndProject
Project("{9A19103F-16F7-4668-BE54-9A1E7A4F7556}") = "RepositoryLayer", "RepositoryLayer\RepositoryLayer.csproj", "{0FE9375B-3E52-445F-A8EA-93A905EA36D7}"
EndProject
Project("{FAE04EC0-301F-11D3-BF4B-00C04F79EFBC}") = "CommonLayer", "CommonLayer\CommonLayer.csproj", "{57924DBF-2CE0-4487-97AA-7BF8BFD2B4A4}"
EndProject
Project("{FAE04EC0-301F-11D3-BF4B-00C04F79EFBC}") = "BusinessLayer", "BusinessLayer\BusinessLayer.csproj", "{1547ADB5-B4E0-4510-8D4E-1665BE896DBB}"
EndProject
Global
	GlobalSection(SolutionConfigurationPlatforms) = preSolution
		Debug|Any CPU = Debug|Any CPU
		Release|Any CPU = Release|Any CPU
	EndGlobalSection
	GlobalSection(ProjectConfigurationPlatforms) = postSolution
		{CA669BFA-854C-447C-9A45-67F9A73AAB42}.Debug|Any CPU.ActiveCfg = Debug|Any CPU
		{CA669BFA-854C-447C-9A45-67F9A73AAB42}.Debug|Any CPU.Build.0 = Debug|Any CPU
		{CA669BFA-854C-447C-9A45-67F9A73AAB42}.Release|Any CPU.ActiveCfg = Release|Any CPU
		{CA669BFA-854C-447C-9A45-67F9A73AAB42}.Release|Any CPU.Build.0 = Release|Any CPU
		{0FE9375B-3E52-445F-A8EA-93A905EA36D7}.Debug|Any CPU.ActiveCfg = Debug|Any CPU
		{0FE9375B-3E52-445F-A8EA-93A905EA36D7}.Debug|Any CPU.Build.0 = Debug|Any CPU
		{0FE9375B-3E52-445F-A8EA-93A905EA36D7}.Release|Any CPU.ActiveCfg = Release|Any CPU
		{0FE9375B-3E52-445F-A8EA-93A905EA36D7}.Release|Any CPU.Build.0 = Release|Any CPU
		{57924DBF-2CE0-4487-97AA-7BF8BFD2B4A4}.Debug|Any CPU.ActiveCfg = Debug|Any CPU
		{57924DBF-2CE0-4487-97AA-7BF8BFD2B4A4}.Debug|Any CPU.Build.0 = Debug|Any CPU
		{57924DBF-2CE0-4487-97AA-7BF8BFD2B4A4}.Release|Any CPU.ActiveCfg = Release|Any CPU
		{57924DBF-2CE0-4487-97AA-7BF8BFD2B4A4}.Release|Any CPU.Build.0 = Release|Any CPU
		{1547ADB5-B4E0-4510-8D4E-1665BE896DBB}.Debug|Any CPU.ActiveCfg = Debug|Any CPU
		{1547ADB5-B4E0-4510-8D4E-1665BE896DBB}.Debug|Any CPU.Build.0 = Debug|Any CPU
		{1547ADB5-B4E0-4510-8D4E-1665BE896DBB}.Release|Any CPU.ActiveCfg = Release|Any CPU
		{1547ADB5-B4E0-4510-8D4E-1665BE896DBB}.Release|Any CPU.Build.0 = Release|Any CPU
	EndGlobalSection
	GlobalSection(SolutionProperties) = preSolution
		HideSolutionNode = FALSE
	EndGlobalSection
	GlobalSection(ExtensibilityGlobals) = postSolution
		SolutionGuid = {4484E7AA-2FCD-452B-BFE0-53627B1CDBC8}
	EndGlobalSection
EndGlobal
